// !$*UTF8*$!
{
	archiveVersion = 1;
	classes = {
	};
	objectVersion = 46;
	objects = {

/* Begin PBXBuildFile section */
		511504231A7AE53400A77378 /* StreamViewController.m in Sources */ = {isa = PBXBuildFile; fileRef = 511504221A7AE53400A77378 /* StreamViewController.m */; };
		511504271A7AEBB600A77378 /* saveImageToAlbum.m in Sources */ = {isa = PBXBuildFile; fileRef = 511504261A7AEBB600A77378 /* saveImageToAlbum.m */; };
		5115042A1A7B000800A77378 /* PhotoViewController.m in Sources */ = {isa = PBXBuildFile; fileRef = 511504291A7B000800A77378 /* PhotoViewController.m */; };
		51423BF91A7D67E1008363C2 /* PhotoView.m in Sources */ = {isa = PBXBuildFile; fileRef = 51423BF81A7D67E1008363C2 /* PhotoView.m */; };
		51C3CC611A79874900E8CF6E /* main.m in Sources */ = {isa = PBXBuildFile; fileRef = 51C3CC601A79874900E8CF6E /* main.m */; };
		51C3CC641A79874900E8CF6E /* AppDelegate.m in Sources */ = {isa = PBXBuildFile; fileRef = 51C3CC631A79874900E8CF6E /* AppDelegate.m */; };
		51C3CC671A79874900E8CF6E /* ViewController.m in Sources */ = {isa = PBXBuildFile; fileRef = 51C3CC661A79874900E8CF6E /* ViewController.m */; };
		51C3CC6A1A79874900E8CF6E /* Main.storyboard in Resources */ = {isa = PBXBuildFile; fileRef = 51C3CC681A79874900E8CF6E /* Main.storyboard */; };
		51C3CC6C1A79874900E8CF6E /* Images.xcassets in Resources */ = {isa = PBXBuildFile; fileRef = 51C3CC6B1A79874900E8CF6E /* Images.xcassets */; };
		51C3CC7B1A79874900E8CF6E /* PickBitsaTests.m in Sources */ = {isa = PBXBuildFile; fileRef = 51C3CC7A1A79874900E8CF6E /* PickBitsaTests.m */; };
		51C3CC851A798C2B00E8CF6E /* Parse.framework in Frameworks */ = {isa = PBXBuildFile; fileRef = 51C3CC841A798C2B00E8CF6E /* Parse.framework */; };
		51C3CC931A798CEC00E8CF6E /* Accounts.framework in Frameworks */ = {isa = PBXBuildFile; fileRef = 51C3CC861A798CEC00E8CF6E /* Accounts.framework */; };
		51C3CC941A798CEC00E8CF6E /* AudioToolbox.framework in Frameworks */ = {isa = PBXBuildFile; fileRef = 51C3CC871A798CEC00E8CF6E /* AudioToolbox.framework */; };
		51C3CC951A798CEC00E8CF6E /* CFNetwork.framework in Frameworks */ = {isa = PBXBuildFile; fileRef = 51C3CC881A798CEC00E8CF6E /* CFNetwork.framework */; };
		51C3CC961A798CEC00E8CF6E /* CoreGraphics.framework in Frameworks */ = {isa = PBXBuildFile; fileRef = 51C3CC891A798CEC00E8CF6E /* CoreGraphics.framework */; };
		51C3CC971A798CEC00E8CF6E /* CoreLocation.framework in Frameworks */ = {isa = PBXBuildFile; fileRef = 51C3CC8A1A798CEC00E8CF6E /* CoreLocation.framework */; };
		51C3CC981A798CEC00E8CF6E /* libsqlite3.dylib in Frameworks */ = {isa = PBXBuildFile; fileRef = 51C3CC8B1A798CEC00E8CF6E /* libsqlite3.dylib */; };
		51C3CC991A798CEC00E8CF6E /* libz.dylib in Frameworks */ = {isa = PBXBuildFile; fileRef = 51C3CC8C1A798CEC00E8CF6E /* libz.dylib */; };
		51C3CC9A1A798CEC00E8CF6E /* MobileCoreServices.framework in Frameworks */ = {isa = PBXBuildFile; fileRef = 51C3CC8D1A798CEC00E8CF6E /* MobileCoreServices.framework */; };
		51C3CC9B1A798CEC00E8CF6E /* QuartzCore.framework in Frameworks */ = {isa = PBXBuildFile; fileRef = 51C3CC8E1A798CEC00E8CF6E /* QuartzCore.framework */; };
		51C3CC9C1A798CEC00E8CF6E /* Security.framework in Frameworks */ = {isa = PBXBuildFile; fileRef = 51C3CC8F1A798CEC00E8CF6E /* Security.framework */; };
		51C3CC9D1A798CEC00E8CF6E /* Social.framework in Frameworks */ = {isa = PBXBuildFile; fileRef = 51C3CC901A798CEC00E8CF6E /* Social.framework */; };
		51C3CC9E1A798CEC00E8CF6E /* StoreKit.framework in Frameworks */ = {isa = PBXBuildFile; fileRef = 51C3CC911A798CEC00E8CF6E /* StoreKit.framework */; };
		51C3CC9F1A798CEC00E8CF6E /* SystemConfiguration.framework in Frameworks */ = {isa = PBXBuildFile; fileRef = 51C3CC921A798CEC00E8CF6E /* SystemConfiguration.framework */; };
		51C3CCA21A79908300E8CF6E /* Bolts.framework in Frameworks */ = {isa = PBXBuildFile; fileRef = 51C3CCA11A79908300E8CF6E /* Bolts.framework */; };
		51C3CCA51A799AF500E8CF6E /* HomeViewController.m in Sources */ = {isa = PBXBuildFile; fileRef = 51C3CCA41A799AF500E8CF6E /* HomeViewController.m */; };
		51C3CCA81A799E6E00E8CF6E /* LoginViewController.m in Sources */ = {isa = PBXBuildFile; fileRef = 51C3CCA71A799E6E00E8CF6E /* LoginViewController.m */; };
		51C3CCAC1A79A36000E8CF6E /* NetworkAPI.m in Sources */ = {isa = PBXBuildFile; fileRef = 51C3CCAB1A79A36000E8CF6E /* NetworkAPI.m */; };
/* End PBXBuildFile section */

/* Begin PBXContainerItemProxy section */
		51C3CC751A79874900E8CF6E /* PBXContainerItemProxy */ = {
			isa = PBXContainerItemProxy;
			containerPortal = 51C3CC531A79874900E8CF6E /* Project object */;
			proxyType = 1;
			remoteGlobalIDString = 51C3CC5A1A79874900E8CF6E;
			remoteInfo = PickBitsa;
		};
/* End PBXContainerItemProxy section */

/* Begin PBXFileReference section */
		511504211A7AE53400A77378 /* StreamViewController.h */ = {isa = PBXFileReference; fileEncoding = 4; lastKnownFileType = sourcecode.c.h; path = StreamViewController.h; sourceTree = "<group>"; };
		511504221A7AE53400A77378 /* StreamViewController.m */ = {isa = PBXFileReference; fileEncoding = 4; lastKnownFileType = sourcecode.c.objc; path = StreamViewController.m; sourceTree = "<group>"; };
		511504251A7AEBB600A77378 /* saveImageToAlbum.h */ = {isa = PBXFileReference; fileEncoding = 4; lastKnownFileType = sourcecode.c.h; name = saveImageToAlbum.h; path = ../../SimCam/SimCam/saveImageToAlbum.h; sourceTree = "<group>"; };
		511504261A7AEBB600A77378 /* saveImageToAlbum.m */ = {isa = PBXFileReference; fileEncoding = 4; lastKnownFileType = sourcecode.c.objc; name = saveImageToAlbum.m; path = ../../SimCam/SimCam/saveImageToAlbum.m; sourceTree = "<group>"; };
		511504281A7B000800A77378 /* PhotoViewController.h */ = {isa = PBXFileReference; fileEncoding = 4; lastKnownFileType = sourcecode.c.h; path = PhotoViewController.h; sourceTree = "<group>"; };
		511504291A7B000800A77378 /* PhotoViewController.m */ = {isa = PBXFileReference; fileEncoding = 4; lastKnownFileType = sourcecode.c.objc; path = PhotoViewController.m; sourceTree = "<group>"; };
		51423BF71A7D67E1008363C2 /* PhotoView.h */ = {isa = PBXFileReference; fileEncoding = 4; lastKnownFileType = sourcecode.c.h; path = PhotoView.h; sourceTree = "<group>"; };
		51423BF81A7D67E1008363C2 /* PhotoView.m */ = {isa = PBXFileReference; fileEncoding = 4; lastKnownFileType = sourcecode.c.objc; path = PhotoView.m; sourceTree = "<group>"; };
		51C3CC5B1A79874900E8CF6E /* PickBitsa.app */ = {isa = PBXFileReference; explicitFileType = wrapper.application; includeInIndex = 0; path = PickBitsa.app; sourceTree = BUILT_PRODUCTS_DIR; };
		51C3CC5F1A79874900E8CF6E /* Info.plist */ = {isa = PBXFileReference; lastKnownFileType = text.plist.xml; path = Info.plist; sourceTree = "<group>"; };
		51C3CC601A79874900E8CF6E /* main.m */ = {isa = PBXFileReference; lastKnownFileType = sourcecode.c.objc; path = main.m; sourceTree = "<group>"; };
		51C3CC621A79874900E8CF6E /* AppDelegate.h */ = {isa = PBXFileReference; lastKnownFileType = sourcecode.c.h; path = AppDelegate.h; sourceTree = "<group>"; };
		51C3CC631A79874900E8CF6E /* AppDelegate.m */ = {isa = PBXFileReference; lastKnownFileType = sourcecode.c.objc; path = AppDelegate.m; sourceTree = "<group>"; };
		51C3CC651A79874900E8CF6E /* ViewController.h */ = {isa = PBXFileReference; lastKnownFileType = sourcecode.c.h; path = ViewController.h; sourceTree = "<group>"; };
		51C3CC661A79874900E8CF6E /* ViewController.m */ = {isa = PBXFileReference; lastKnownFileType = sourcecode.c.objc; path = ViewController.m; sourceTree = "<group>"; };
		51C3CC691A79874900E8CF6E /* Base */ = {isa = PBXFileReference; lastKnownFileType = file.storyboard; name = Base; path = Base.lproj/Main.storyboard; sourceTree = "<group>"; };
		51C3CC6B1A79874900E8CF6E /* Images.xcassets */ = {isa = PBXFileReference; lastKnownFileType = folder.assetcatalog; path = Images.xcassets; sourceTree = "<group>"; };
		51C3CC741A79874900E8CF6E /* PickBitsaTests.xctest */ = {isa = PBXFileReference; explicitFileType = wrapper.cfbundle; includeInIndex = 0; path = PickBitsaTests.xctest; sourceTree = BUILT_PRODUCTS_DIR; };
		51C3CC791A79874900E8CF6E /* Info.plist */ = {isa = PBXFileReference; lastKnownFileType = text.plist.xml; path = Info.plist; sourceTree = "<group>"; };
		51C3CC7A1A79874900E8CF6E /* PickBitsaTests.m */ = {isa = PBXFileReference; lastKnownFileType = sourcecode.c.objc; path = PickBitsaTests.m; sourceTree = "<group>"; };
		51C3CC841A798C2B00E8CF6E /* Parse.framework */ = {isa = PBXFileReference; lastKnownFileType = wrapper.framework; path = Parse.framework; sourceTree = "<group>"; };
		51C3CC861A798CEC00E8CF6E /* Accounts.framework */ = {isa = PBXFileReference; lastKnownFileType = wrapper.framework; name = Accounts.framework; path = System/Library/Frameworks/Accounts.framework; sourceTree = SDKROOT; };
		51C3CC871A798CEC00E8CF6E /* AudioToolbox.framework */ = {isa = PBXFileReference; lastKnownFileType = wrapper.framework; name = AudioToolbox.framework; path = System/Library/Frameworks/AudioToolbox.framework; sourceTree = SDKROOT; };
		51C3CC881A798CEC00E8CF6E /* CFNetwork.framework */ = {isa = PBXFileReference; lastKnownFileType = wrapper.framework; name = CFNetwork.framework; path = System/Library/Frameworks/CFNetwork.framework; sourceTree = SDKROOT; };
		51C3CC891A798CEC00E8CF6E /* CoreGraphics.framework */ = {isa = PBXFileReference; lastKnownFileType = wrapper.framework; name = CoreGraphics.framework; path = System/Library/Frameworks/CoreGraphics.framework; sourceTree = SDKROOT; };
		51C3CC8A1A798CEC00E8CF6E /* CoreLocation.framework */ = {isa = PBXFileReference; lastKnownFileType = wrapper.framework; name = CoreLocation.framework; path = System/Library/Frameworks/CoreLocation.framework; sourceTree = SDKROOT; };
		51C3CC8B1A798CEC00E8CF6E /* libsqlite3.dylib */ = {isa = PBXFileReference; lastKnownFileType = "compiled.mach-o.dylib"; name = libsqlite3.dylib; path = usr/lib/libsqlite3.dylib; sourceTree = SDKROOT; };
		51C3CC8C1A798CEC00E8CF6E /* libz.dylib */ = {isa = PBXFileReference; lastKnownFileType = "compiled.mach-o.dylib"; name = libz.dylib; path = usr/lib/libz.dylib; sourceTree = SDKROOT; };
		51C3CC8D1A798CEC00E8CF6E /* MobileCoreServices.framework */ = {isa = PBXFileReference; lastKnownFileType = wrapper.framework; name = MobileCoreServices.framework; path = System/Library/Frameworks/MobileCoreServices.framework; sourceTree = SDKROOT; };
		51C3CC8E1A798CEC00E8CF6E /* QuartzCore.framework */ = {isa = PBXFileReference; lastKnownFileType = wrapper.framework; name = QuartzCore.framework; path = System/Library/Frameworks/QuartzCore.framework; sourceTree = SDKROOT; };
		51C3CC8F1A798CEC00E8CF6E /* Security.framework */ = {isa = PBXFileReference; lastKnownFileType = wrapper.framework; name = Security.framework; path = System/Library/Frameworks/Security.framework; sourceTree = SDKROOT; };
		51C3CC901A798CEC00E8CF6E /* Social.framework */ = {isa = PBXFileReference; lastKnownFileType = wrapper.framework; name = Social.framework; path = System/Library/Frameworks/Social.framework; sourceTree = SDKROOT; };
		51C3CC911A798CEC00E8CF6E /* StoreKit.framework */ = {isa = PBXFileReference; lastKnownFileType = wrapper.framework; name = StoreKit.framework; path = System/Library/Frameworks/StoreKit.framework; sourceTree = SDKROOT; };
		51C3CC921A798CEC00E8CF6E /* SystemConfiguration.framework */ = {isa = PBXFileReference; lastKnownFileType = wrapper.framework; name = SystemConfiguration.framework; path = System/Library/Frameworks/SystemConfiguration.framework; sourceTree = SDKROOT; };
		51C3CCA11A79908300E8CF6E /* Bolts.framework */ = {isa = PBXFileReference; lastKnownFileType = wrapper.framework; name = Bolts.framework; path = "../../../../Downloads/parse-library-1.6.1/Bolts.framework"; sourceTree = "<group>"; };
		51C3CCA31A799AF500E8CF6E /* HomeViewController.h */ = {isa = PBXFileReference; fileEncoding = 4; lastKnownFileType = sourcecode.c.h; path = HomeViewController.h; sourceTree = "<group>"; };
		51C3CCA41A799AF500E8CF6E /* HomeViewController.m */ = {isa = PBXFileReference; fileEncoding = 4; lastKnownFileType = sourcecode.c.objc; path = HomeViewController.m; sourceTree = "<group>"; };
		51C3CCA61A799E6E00E8CF6E /* LoginViewController.h */ = {isa = PBXFileReference; fileEncoding = 4; lastKnownFileType = sourcecode.c.h; name = LoginViewController.h; path = ../LoginViewController.h; sourceTree = "<group>"; };
		51C3CCA71A799E6E00E8CF6E /* LoginViewController.m */ = {isa = PBXFileReference; fileEncoding = 4; lastKnownFileType = sourcecode.c.objc; name = LoginViewController.m; path = ../LoginViewController.m; sourceTree = "<group>"; };
		51C3CCAA1A79A36000E8CF6E /* NetworkAPI.h */ = {isa = PBXFileReference; fileEncoding = 4; lastKnownFileType = sourcecode.c.h; path = NetworkAPI.h; sourceTree = "<group>"; };
		51C3CCAB1A79A36000E8CF6E /* NetworkAPI.m */ = {isa = PBXFileReference; fileEncoding = 4; lastKnownFileType = sourcecode.c.objc; path = NetworkAPI.m; sourceTree = "<group>"; };
/* End PBXFileReference section */

/* Begin PBXFrameworksBuildPhase section */
		51C3CC581A79874900E8CF6E /* Frameworks */ = {
			isa = PBXFrameworksBuildPhase;
			buildActionMask = 2147483647;
			files = (
				51C3CCA21A79908300E8CF6E /* Bolts.framework in Frameworks */,
				51C3CC931A798CEC00E8CF6E /* Accounts.framework in Frameworks */,
				51C3CC941A798CEC00E8CF6E /* AudioToolbox.framework in Frameworks */,
				51C3CC951A798CEC00E8CF6E /* CFNetwork.framework in Frameworks */,
				51C3CC961A798CEC00E8CF6E /* CoreGraphics.framework in Frameworks */,
				51C3CC971A798CEC00E8CF6E /* CoreLocation.framework in Frameworks */,
				51C3CC981A798CEC00E8CF6E /* libsqlite3.dylib in Frameworks */,
				51C3CC991A798CEC00E8CF6E /* libz.dylib in Frameworks */,
				51C3CC9A1A798CEC00E8CF6E /* MobileCoreServices.framework in Frameworks */,
				51C3CC9B1A798CEC00E8CF6E /* QuartzCore.framework in Frameworks */,
				51C3CC9C1A798CEC00E8CF6E /* Security.framework in Frameworks */,
				51C3CC9D1A798CEC00E8CF6E /* Social.framework in Frameworks */,
				51C3CC9E1A798CEC00E8CF6E /* StoreKit.framework in Frameworks */,
				51C3CC9F1A798CEC00E8CF6E /* SystemConfiguration.framework in Frameworks */,
				51C3CC851A798C2B00E8CF6E /* Parse.framework in Frameworks */,
			);
			runOnlyForDeploymentPostprocessing = 0;
		};
		51C3CC711A79874900E8CF6E /* Frameworks */ = {
			isa = PBXFrameworksBuildPhase;
			buildActionMask = 2147483647;
			files = (
			);
			runOnlyForDeploymentPostprocessing = 0;
		};
/* End PBXFrameworksBuildPhase section */

/* Begin PBXGroup section */
		511504241A7AEB9800A77378 /* Utilities */ = {
			isa = PBXGroup;
			children = (
				511504251A7AEBB600A77378 /* saveImageToAlbum.h */,
				511504261A7AEBB600A77378 /* saveImageToAlbum.m */,
				51C3CCAA1A79A36000E8CF6E /* NetworkAPI.h */,
				51C3CCAB1A79A36000E8CF6E /* NetworkAPI.m */,
				51423BF71A7D67E1008363C2 /* PhotoView.h */,
				51423BF81A7D67E1008363C2 /* PhotoView.m */,
			);
			name = Utilities;
			sourceTree = "<group>";
		};
		51C3CC521A79874900E8CF6E = {
			isa = PBXGroup;
			children = (
				51C3CCA01A798D1A00E8CF6E /* Frameworks */,
				51C3CC5D1A79874900E8CF6E /* PickBitsa */,
				51C3CC771A79874900E8CF6E /* PickBitsaTests */,
				51C3CC5C1A79874900E8CF6E /* Products */,
			);
			sourceTree = "<group>";
		};
		51C3CC5C1A79874900E8CF6E /* Products */ = {
			isa = PBXGroup;
			children = (
				51C3CC5B1A79874900E8CF6E /* PickBitsa.app */,
				51C3CC741A79874900E8CF6E /* PickBitsaTests.xctest */,
			);
			name = Products;
			sourceTree = "<group>";
		};
		51C3CC5D1A79874900E8CF6E /* PickBitsa */ = {
			isa = PBXGroup;
			children = (
				511504241A7AEB9800A77378 /* Utilities */,
				51C3CCA91A79A32C00E8CF6E /* ViewControllers */,
				51C3CC621A79874900E8CF6E /* AppDelegate.h */,
				51C3CC631A79874900E8CF6E /* AppDelegate.m */,
				51C3CC681A79874900E8CF6E /* Main.storyboard */,
				51C3CC6B1A79874900E8CF6E /* Images.xcassets */,
				51C3CC5E1A79874900E8CF6E /* Supporting Files */,
			);
			path = PickBitsa;
			sourceTree = "<group>";
		};
		51C3CC5E1A79874900E8CF6E /* Supporting Files */ = {
			isa = PBXGroup;
			children = (
				51C3CC5F1A79874900E8CF6E /* Info.plist */,
				51C3CC601A79874900E8CF6E /* main.m */,
			);
			name = "Supporting Files";
			sourceTree = "<group>";
		};
		51C3CC771A79874900E8CF6E /* PickBitsaTests */ = {
			isa = PBXGroup;
			children = (
				51C3CC7A1A79874900E8CF6E /* PickBitsaTests.m */,
				51C3CC781A79874900E8CF6E /* Supporting Files */,
			);
			path = PickBitsaTests;
			sourceTree = "<group>";
		};
		51C3CC781A79874900E8CF6E /* Supporting Files */ = {
			isa = PBXGroup;
			children = (
				51C3CC791A79874900E8CF6E /* Info.plist */,
			);
			name = "Supporting Files";
			sourceTree = "<group>";
		};
		51C3CCA01A798D1A00E8CF6E /* Frameworks */ = {
			isa = PBXGroup;
			children = (
				51C3CCA11A79908300E8CF6E /* Bolts.framework */,
				51C3CC861A798CEC00E8CF6E /* Accounts.framework */,
				51C3CC871A798CEC00E8CF6E /* AudioToolbox.framework */,
				51C3CC881A798CEC00E8CF6E /* CFNetwork.framework */,
				51C3CC891A798CEC00E8CF6E /* CoreGraphics.framework */,
				51C3CC8A1A798CEC00E8CF6E /* CoreLocation.framework */,
				51C3CC8B1A798CEC00E8CF6E /* libsqlite3.dylib */,
				51C3CC8C1A798CEC00E8CF6E /* libz.dylib */,
				51C3CC8D1A798CEC00E8CF6E /* MobileCoreServices.framework */,
				51C3CC8E1A798CEC00E8CF6E /* QuartzCore.framework */,
				51C3CC8F1A798CEC00E8CF6E /* Security.framework */,
				51C3CC901A798CEC00E8CF6E /* Social.framework */,
				51C3CC911A798CEC00E8CF6E /* StoreKit.framework */,
				51C3CC921A798CEC00E8CF6E /* SystemConfiguration.framework */,
				51C3CC841A798C2B00E8CF6E /* Parse.framework */,
			);
			name = Frameworks;
			sourceTree = "<group>";
		};
		51C3CCA91A79A32C00E8CF6E /* ViewControllers */ = {
			isa = PBXGroup;
			children = (
				51C3CCA61A799E6E00E8CF6E /* LoginViewController.h */,
				51C3CCA71A799E6E00E8CF6E /* LoginViewController.m */,
				51C3CC651A79874900E8CF6E /* ViewController.h */,
				51C3CC661A79874900E8CF6E /* ViewController.m */,
				51C3CCA31A799AF500E8CF6E /* HomeViewController.h */,
				51C3CCA41A799AF500E8CF6E /* HomeViewController.m */,
				511504211A7AE53400A77378 /* StreamViewController.h */,
				511504221A7AE53400A77378 /* StreamViewController.m */,
				511504281A7B000800A77378 /* PhotoViewController.h */,
				511504291A7B000800A77378 /* PhotoViewController.m */,
			);
			name = ViewControllers;
			sourceTree = "<group>";
		};
/* End PBXGroup section */

/* Begin PBXNativeTarget section */
		51C3CC5A1A79874900E8CF6E /* PickBitsa */ = {
			isa = PBXNativeTarget;
			buildConfigurationList = 51C3CC7E1A79874900E8CF6E /* Build configuration list for PBXNativeTarget "PickBitsa" */;
			buildPhases = (
				51C3CC571A79874900E8CF6E /* Sources */,
				51C3CC581A79874900E8CF6E /* Frameworks */,
				51C3CC591A79874900E8CF6E /* Resources */,
			);
			buildRules = (
			);
			dependencies = (
			);
			name = PickBitsa;
			productName = PickBitsa;
			productReference = 51C3CC5B1A79874900E8CF6E /* PickBitsa.app */;
			productType = "com.apple.product-type.application";
		};
		51C3CC731A79874900E8CF6E /* PickBitsaTests */ = {
			isa = PBXNativeTarget;
			buildConfigurationList = 51C3CC811A79874900E8CF6E /* Build configuration list for PBXNativeTarget "PickBitsaTests" */;
			buildPhases = (
				51C3CC701A79874900E8CF6E /* Sources */,
				51C3CC711A79874900E8CF6E /* Frameworks */,
				51C3CC721A79874900E8CF6E /* Resources */,
			);
			buildRules = (
			);
			dependencies = (
				51C3CC761A79874900E8CF6E /* PBXTargetDependency */,
			);
			name = PickBitsaTests;
			productName = PickBitsaTests;
			productReference = 51C3CC741A79874900E8CF6E /* PickBitsaTests.xctest */;
			productType = "com.apple.product-type.bundle.unit-test";
		};
/* End PBXNativeTarget section */

/* Begin PBXProject section */
		51C3CC531A79874900E8CF6E /* Project object */ = {
			isa = PBXProject;
			attributes = {
				LastUpgradeCheck = 0610;
				ORGANIZATIONNAME = Peerincle;
				TargetAttributes = {
					51C3CC5A1A79874900E8CF6E = {
						CreatedOnToolsVersion = 6.1.1;
					};
					51C3CC731A79874900E8CF6E = {
						CreatedOnToolsVersion = 6.1.1;
						TestTargetID = 51C3CC5A1A79874900E8CF6E;
					};
				};
			};
			buildConfigurationList = 51C3CC561A79874900E8CF6E /* Build configuration list for PBXProject "PickBitsa" */;
			compatibilityVersion = "Xcode 3.2";
			developmentRegion = English;
			hasScannedForEncodings = 0;
			knownRegions = (
				en,
				Base,
			);
			mainGroup = 51C3CC521A79874900E8CF6E;
			productRefGroup = 51C3CC5C1A79874900E8CF6E /* Products */;
			projectDirPath = "";
			projectRoot = "";
			targets = (
				51C3CC5A1A79874900E8CF6E /* PickBitsa */,
				51C3CC731A79874900E8CF6E /* PickBitsaTests */,
			);
		};
/* End PBXProject section */

/* Begin PBXResourcesBuildPhase section */
		51C3CC591A79874900E8CF6E /* Resources */ = {
			isa = PBXResourcesBuildPhase;
			buildActionMask = 2147483647;
			files = (
				51C3CC6A1A79874900E8CF6E /* Main.storyboard in Resources */,
				51C3CC6C1A79874900E8CF6E /* Images.xcassets in Resources */,
			);
			runOnlyForDeploymentPostprocessing = 0;
		};
		51C3CC721A79874900E8CF6E /* Resources */ = {
			isa = PBXResourcesBuildPhase;
			buildActionMask = 2147483647;
			files = (
			);
			runOnlyForDeploymentPostprocessing = 0;
		};
/* End PBXResourcesBuildPhase section */

/* Begin PBXSourcesBuildPhase section */
		51C3CC571A79874900E8CF6E /* Sources */ = {
			isa = PBXSourcesBuildPhase;
			buildActionMask = 2147483647;
			files = (
				51C3CC671A79874900E8CF6E /* ViewController.m in Sources */,
				51423BF91A7D67E1008363C2 /* PhotoView.m in Sources */,
				51C3CC641A79874900E8CF6E /* AppDelegate.m in Sources */,
				51C3CC611A79874900E8CF6E /* main.m in Sources */,
				511504271A7AEBB600A77378 /* saveImageToAlbum.m in Sources */,
				511504231A7AE53400A77378 /* StreamViewController.m in Sources */,
				51C3CCA51A799AF500E8CF6E /* HomeViewController.m in Sources */,
				5115042A1A7B000800A77378 /* PhotoViewController.m in Sources */,
				51C3CCA81A799E6E00E8CF6E /* LoginViewController.m in Sources */,
				51C3CCAC1A79A36000E8CF6E /* NetworkAPI.m in Sources */,
			);
			runOnlyForDeploymentPostprocessing = 0;
		};
		51C3CC701A79874900E8CF6E /* Sources */ = {
			isa = PBXSourcesBuildPhase;
			buildActionMask = 2147483647;
			files = (
				51C3CC7B1A79874900E8CF6E /* PickBitsaTests.m in Sources */,
			);
			runOnlyForDeploymentPostprocessing = 0;
		};
/* End PBXSourcesBuildPhase section */

/* Begin PBXTargetDependency section */
		51C3CC761A79874900E8CF6E /* PBXTargetDependency */ = {
			isa = PBXTargetDependency;
			target = 51C3CC5A1A79874900E8CF6E /* PickBitsa */;
			targetProxy = 51C3CC751A79874900E8CF6E /* PBXContainerItemProxy */;
		};
/* End PBXTargetDependency section */

/* Begin PBXVariantGroup section */
		51C3CC681A79874900E8CF6E /* Main.storyboard */ = {
			isa = PBXVariantGroup;
			children = (
				51C3CC691A79874900E8CF6E /* Base */,
			);
			name = Main.storyboard;
			sourceTree = "<group>";
		};
/* End PBXVariantGroup section */

/* Begin XCBuildConfiguration section */
		51C3CC7C1A79874900E8CF6E /* Debug */ = {
			isa = XCBuildConfiguration;
			buildSettings = {
				ALWAYS_SEARCH_USER_PATHS = NO;
				CLANG_CXX_LANGUAGE_STANDARD = "gnu++0x";
				CLANG_CXX_LIBRARY = "libc++";
				CLANG_ENABLE_MODULES = YES;
				CLANG_ENABLE_OBJC_ARC = YES;
				CLANG_WARN_BOOL_CONVERSION = YES;
				CLANG_WARN_CONSTANT_CONVERSION = YES;
				CLANG_WARN_DIRECT_OBJC_ISA_USAGE = YES_ERROR;
				CLANG_WARN_EMPTY_BODY = YES;
				CLANG_WARN_ENUM_CONVERSION = YES;
				CLANG_WARN_INT_CONVERSION = YES;
				CLANG_WARN_OBJC_ROOT_CLASS = YES_ERROR;
				CLANG_WARN_UNREACHABLE_CODE = YES;
				CLANG_WARN__DUPLICATE_METHOD_MATCH = YES;
				"CODE_SIGN_IDENTITY[sdk=iphoneos*]" = "iPhone Developer";
				COPY_PHASE_STRIP = NO;
				ENABLE_STRICT_OBJC_MSGSEND = YES;
				GCC_C_LANGUAGE_STANDARD = gnu99;
				GCC_DYNAMIC_NO_PIC = NO;
				GCC_OPTIMIZATION_LEVEL = 0;
				GCC_PREPROCESSOR_DEFINITIONS = (
					"DEBUG=1",
					"$(inherited)",
				);
				GCC_SYMBOLS_PRIVATE_EXTERN = NO;
				GCC_WARN_64_TO_32_BIT_CONVERSION = YES;
				GCC_WARN_ABOUT_RETURN_TYPE = YES_ERROR;
				GCC_WARN_UNDECLARED_SELECTOR = YES;
				GCC_WARN_UNINITIALIZED_AUTOS = YES_AGGRESSIVE;
				GCC_WARN_UNUSED_FUNCTION = YES;
				GCC_WARN_UNUSED_VARIABLE = YES;
				IPHONEOS_DEPLOYMENT_TARGET = 8.1;
				MTL_ENABLE_DEBUG_INFO = YES;
				ONLY_ACTIVE_ARCH = YES;
				SDKROOT = iphoneos;
			};
			name = Debug;
		};
		51C3CC7D1A79874900E8CF6E /* Release */ = {
			isa = XCBuildConfiguration;
			buildSettings = {
				ALWAYS_SEARCH_USER_PATHS = NO;
				CLANG_CXX_LANGUAGE_STANDARD = "gnu++0x";
				CLANG_CXX_LIBRARY = "libc++";
				CLANG_ENABLE_MODULES = YES;
				CLANG_ENABLE_OBJC_ARC = YES;
				CLANG_WARN_BOOL_CONVERSION = YES;
				CLANG_WARN_CONSTANT_CONVERSION = YES;
				CLANG_WARN_DIRECT_OBJC_ISA_USAGE = YES_ERROR;
				CLANG_WARN_EMPTY_BODY = YES;
				CLANG_WARN_ENUM_CONVERSION = YES;
				CLANG_WARN_INT_CONVERSION = YES;
				CLANG_WARN_OBJC_ROOT_CLASS = YES_ERROR;
				CLANG_WARN_UNREACHABLE_CODE = YES;
				CLANG_WARN__DUPLICATE_METHOD_MATCH = YES;
				"CODE_SIGN_IDENTITY[sdk=iphoneos*]" = "iPhone Developer";
				COPY_PHASE_STRIP = YES;
				ENABLE_NS_ASSERTIONS = NO;
				ENABLE_STRICT_OBJC_MSGSEND = YES;
				GCC_C_LANGUAGE_STANDARD = gnu99;
				GCC_WARN_64_TO_32_BIT_CONVERSION = YES;
				GCC_WARN_ABOUT_RETURN_TYPE = YES_ERROR;
				GCC_WARN_UNDECLARED_SELECTOR = YES;
				GCC_WARN_UNINITIALIZED_AUTOS = YES_AGGRESSIVE;
				GCC_WARN_UNUSED_FUNCTION = YES;
				GCC_WARN_UNUSED_VARIABLE = YES;
				IPHONEOS_DEPLOYMENT_TARGET = 8.1;
				MTL_ENABLE_DEBUG_INFO = NO;
				SDKROOT = iphoneos;
				VALIDATE_PRODUCT = YES;
			};
			name = Release;
		};
		51C3CC7F1A79874900E8CF6E /* Debug */ = {
			isa = XCBuildConfiguration;
			buildSettings = {
				ASSETCATALOG_COMPILER_APPICON_NAME = AppIcon;
				FRAMEWORK_SEARCH_PATHS = (
					"$(inherited)",
					"$(PROJECT_DIR)",
					"/Users/peerincle/Downloads/parse-library-1.6.1",
				);
				INFOPLIST_FILE = PickBitsa/Info.plist;
				LD_RUNPATH_SEARCH_PATHS = "$(inherited) @executable_path/Frameworks";
				PRODUCT_NAME = "$(TARGET_NAME)";
			};
			name = Debug;
		};
		51C3CC801A79874900E8CF6E /* Release */ = {
			isa = XCBuildConfiguration;
			buildSettings = {
				ASSETCATALOG_COMPILER_APPICON_NAME = AppIcon;
				FRAMEWORK_SEARCH_PATHS = (
					"$(inherited)",
					"$(PROJECT_DIR)",
					"/Users/peerincle/Downloads/parse-library-1.6.1",
				);
				INFOPLIST_FILE = PickBitsa/Info.plist;
				LD_RUNPATH_SEARCH_PATHS = "$(inherited) @executable_path/Frameworks";
				PRODUCT_NAME = "$(TARGET_NAME)";
			};
			name = Release;
		};
		51C3CC821A79874900E8CF6E /* Debug */ = {
			isa = XCBuildConfiguration;
			buildSettings = {
				BUNDLE_LOADER = "$(TEST_HOST)";
				FRAMEWORK_SEARCH_PATHS = (
					"$(SDKROOT)/Developer/Library/Frameworks",
					"$(inherited)",
				);
				GCC_PREPROCESSOR_DEFINITIONS = (
					"DEBUG=1",
					"$(inherited)",
				);
				INFOPLIST_FILE = PickBitsaTests/Info.plist;
				LD_RUNPATH_SEARCH_PATHS = "$(inherited) @executable_path/Frameworks @loader_path/Frameworks";
				PRODUCT_NAME = "$(TARGET_NAME)";
				TEST_HOST = "$(BUILT_PRODUCTS_DIR)/PickBitsa.app/PickBitsa";
			};
			name = Debug;
		};
		51C3CC831A79874900E8CF6E /* Release */ = {
			isa = XCBuildConfiguration;
			buildSettings = {
				BUNDLE_LOADER = "$(TEST_HOST)";
				FRAMEWORK_SEARCH_PATHS = (
					"$(SDKROOT)/Developer/Library/Frameworks",
					"$(inherited)",
				);
				INFOPLIST_FILE = PickBitsaTests/Info.plist;
				LD_RUNPATH_SEARCH_PATHS = "$(inherited) @executable_path/Frameworks @loader_path/Frameworks";
				PRODUCT_NAME = "$(TARGET_NAME)";
				TEST_HOST = "$(BUILT_PRODUCTS_DIR)/PickBitsa.app/PickBitsa";
			};
			name = Release;
		};
/* End XCBuildConfiguration section */

/* Begin XCConfigurationList section */
		51C3CC561A79874900E8CF6E /* Build configuration list for PBXProject "PickBitsa" */ = {
			isa = XCConfigurationList;
			buildConfigurations = (
				51C3CC7C1A79874900E8CF6E /* Debug */,
				51C3CC7D1A79874900E8CF6E /* Release */,
			);
			defaultConfigurationIsVisible = 0;
			defaultConfigurationName = Release;
		};
		51C3CC7E1A79874900E8CF6E /* Build configuration list for PBXNativeTarget "PickBitsa" */ = {
			isa = XCConfigurationList;
			buildConfigurations = (
				51C3CC7F1A79874900E8CF6E /* Debug */,
				51C3CC801A79874900E8CF6E /* Release */,
			);
			defaultConfigurationIsVisible = 0;
			defaultConfigurationName = Release;
		};
		51C3CC811A79874900E8CF6E /* Build configuration list for PBXNativeTarget "PickBitsaTests" */ = {
			isa = XCConfigurationList;
			buildConfigurations = (
				51C3CC821A79874900E8CF6E /* Debug */,
				51C3CC831A79874900E8CF6E /* Release */,
			);
			defaultConfigurationIsVisible = 0;
			defaultConfigurationName = Release;
		};
/* End XCConfigurationList section */
	};
	rootObject = 51C3CC531A79874900E8CF6E /* Project object */;
}
